
Microsoft Visual Studio Solution File, Format Version 12.00
# Visual Studio Version 17
VisualStudioVersion = 17.8.34601.278
MinimumVisualStudioVersion = 10.0.40219.1
Project("{FAE04EC0-301F-11D3-BF4B-00C04F79EFBC}") = "ChatApp", "ChatApp\ChatApp.csproj", "{FFD63796-3FA0-4553-B5F4-81219557E1C3}"
EndProject
Global
	GlobalSection(SolutionConfigurationPlatforms) = preSolution
		Debug|Any CPU = Debug|Any CPU
		Release|Any CPU = Release|Any CPU
	EndGlobalSection
	GlobalSection(ProjectConfigurationPlatforms) = postSolution
		{FFD63796-3FA0-4553-B5F4-81219557E1C3}.Debug|Any CPU.ActiveCfg = Debug|Any CPU
		{FFD63796-3FA0-4553-B5F4-81219557E1C3}.Debug|Any CPU.Build.0 = Debug|Any CPU
		{FFD63796-3FA0-4553-B5F4-81219557E1C3}.Release|Any CPU.ActiveCfg = Release|Any CPU
		{FFD63796-3FA0-4553-B5F4-81219557E1C3}.Release|Any CPU.Build.0 = Release|Any CPU
	EndGlobalSection
	GlobalSection(SolutionProperties) = preSolution
		HideSolutionNode = FALSE
	EndGlobalSection
	GlobalSection(ExtensibilityGlobals) = postSolution
		SolutionGuid = {458902C8-57FA-4ED1-8327-BD157DA6BFCC}
	EndGlobalSection
EndGlobal
